
Microsoft Visual Studio Solution File, Format Version 12.00
# Visual Studio Version 17
VisualStudioVersion = 17.5.002.0
MinimumVisualStudioVersion = 10.0.40219.1
Project("{9A19103F-16F7-4668-BE54-9A1E7A4F7556}") = "DoadorSangue", "DoadorSangue.csproj", "{F5602096-DF10-4993-8652-F63F1F55F23D}"
EndProject
Global
	GlobalSection(SolutionConfigurationPlatforms) = preSolution
		Debug|Any CPU = Debug|Any CPU
		Release|Any CPU = Release|Any CPU
	EndGlobalSection
	GlobalSection(ProjectConfigurationPlatforms) = postSolution
		{F5602096-DF10-4993-8652-F63F1F55F23D}.Debug|Any CPU.ActiveCfg = Debug|Any CPU
		{F5602096-DF10-4993-8652-F63F1F55F23D}.Debug|Any CPU.Build.0 = Debug|Any CPU
		{F5602096-DF10-4993-8652-F63F1F55F23D}.Release|Any CPU.ActiveCfg = Release|Any CPU
		{F5602096-DF10-4993-8652-F63F1F55F23D}.Release|Any CPU.Build.0 = Release|Any CPU
	EndGlobalSection
	GlobalSection(SolutionProperties) = preSolution
		HideSolutionNode = FALSE
	EndGlobalSection
	GlobalSection(ExtensibilityGlobals) = postSolution
		SolutionGuid = {C161068B-F7AE-432C-B941-08CB98DD329B}
	EndGlobalSection
EndGlobal
